
Microsoft Visual Studio Solution File, Format Version 12.00
# Visual Studio Version 17
VisualStudioVersion = 17.9.34728.123
MinimumVisualStudioVersion = 10.0.40219.1
Project("{8BC9CEB8-8B4A-11D0-8D11-00A0C91BC942}") = "Project2", "Project2\Project2.vcxproj", "{F44CD787-E9BD-429E-B59C-46953D66DB80}"
EndProject
Global
	GlobalSection(SolutionConfigurationPlatforms) = preSolution
		Debug|x64 = Debug|x64
		Debug|x86 = Debug|x86
		Release|x64 = Release|x64
		Release|x86 = Release|x86
	EndGlobalSection
	GlobalSection(ProjectConfigurationPlatforms) = postSolution
		{F44CD787-E9BD-429E-B59C-46953D66DB80}.Debug|x64.ActiveCfg = Debug|x64
		{F44CD787-E9BD-429E-B59C-46953D66DB80}.Debug|x64.Build.0 = Debug|x64
		{F44CD787-E9BD-429E-B59C-46953D66DB80}.Debug|x86.ActiveCfg = Debug|Win32
		{F44CD787-E9BD-429E-B59C-46953D66DB80}.Debug|x86.Build.0 = Debug|Win32
		{F44CD787-E9BD-429E-B59C-46953D66DB80}.Release|x64.ActiveCfg = Release|x64
		{F44CD787-E9BD-429E-B59C-46953D66DB80}.Release|x64.Build.0 = Release|x64
		{F44CD787-E9BD-429E-B59C-46953D66DB80}.Release|x86.ActiveCfg = Release|Win32
		{F44CD787-E9BD-429E-B59C-46953D66DB80}.Release|x86.Build.0 = Release|Win32
	EndGlobalSection
	GlobalSection(SolutionProperties) = preSolution
		HideSolutionNode = FALSE
	EndGlobalSection
	GlobalSection(ExtensibilityGlobals) = postSolution
		SolutionGuid = {409A34B6-1C99-4CCA-B8AD-7BEFC0ADE27B}
	EndGlobalSection
EndGlobal
